
Microsoft Visual Studio Solution File, Format Version 12.00
# Visual Studio Version 16
VisualStudioVersion = 16.0.28803.202
MinimumVisualStudioVersion = 10.0.40219.1
Project("{9A19103F-16F7-4668-BE54-9A1E7A4F7556}") = "MyApp.Web", "MyApp.Web.csproj", "{E89853F5-628C-407A-95E7-93B2D3AEA0E2}"
EndProject
Global
	GlobalSection(SolutionConfigurationPlatforms) = preSolution
		Debug|Any CPU = Debug|Any CPU
		Release|Any CPU = Release|Any CPU
	EndGlobalSection
	GlobalSection(ProjectConfigurationPlatforms) = postSolution
		{E89853F5-628C-407A-95E7-93B2D3AEA0E2}.Debug|Any CPU.ActiveCfg = Debug|Any CPU
		{E89853F5-628C-407A-95E7-93B2D3AEA0E2}.Debug|Any CPU.Build.0 = Debug|Any CPU
		{E89853F5-628C-407A-95E7-93B2D3AEA0E2}.Release|Any CPU.ActiveCfg = Release|Any CPU
		{E89853F5-628C-407A-95E7-93B2D3AEA0E2}.Release|Any CPU.Build.0 = Release|Any CPU
	EndGlobalSection
	GlobalSection(SolutionProperties) = preSolution
		HideSolutionNode = FALSE
	EndGlobalSection
	GlobalSection(ExtensibilityGlobals) = postSolution
		SolutionGuid = {76A1216D-F12E-4C35-BF91-8F7569233712}
	EndGlobalSection
EndGlobal
